
Microsoft Visual Studio Solution File, Format Version 12.00
# Visual Studio Version 17
VisualStudioVersion = 17.7.34003.232
MinimumVisualStudioVersion = 10.0.40219.1
Project("{FAE04EC0-301F-11D3-BF4B-00C04F79EFBC}") = "UserModule", "UserModule.csproj", "{7F92173A-4601-42D9-A31D-9C99373871F1}"
EndProject
Global
	GlobalSection(SolutionConfigurationPlatforms) = preSolution
		Debug|Any CPU = Debug|Any CPU
		Release|Any CPU = Release|Any CPU
	EndGlobalSection
	GlobalSection(ProjectConfigurationPlatforms) = postSolution
		{7F92173A-4601-42D9-A31D-9C99373871F1}.Debug|Any CPU.ActiveCfg = Debug|Any CPU
		{7F92173A-4601-42D9-A31D-9C99373871F1}.Debug|Any CPU.Build.0 = Debug|Any CPU
		{7F92173A-4601-42D9-A31D-9C99373871F1}.Release|Any CPU.ActiveCfg = Release|Any CPU
		{7F92173A-4601-42D9-A31D-9C99373871F1}.Release|Any CPU.Build.0 = Release|Any CPU
	EndGlobalSection
	GlobalSection(SolutionProperties) = preSolution
		HideSolutionNode = FALSE
	EndGlobalSection
	GlobalSection(ExtensibilityGlobals) = postSolution
		SolutionGuid = {15A3A0C0-46E4-442F-B6BC-74882212D2E3}
	EndGlobalSection
EndGlobal
